
Microsoft Visual Studio Solution File, Format Version 12.00
# Visual Studio 2012
Project("{2150E333-8FDC-42A3-9474-1A3956D46DE8}") = "Scripts", "Scripts", "{4BC8529A-25D5-4B9E-B813-BA55D257655D}"
	ProjectSection(SolutionItems) = preProject
		..\src\bundler.js = ..\src\bundler.js
		copy.bat = copy.bat
	EndProjectSection
EndProject
Project("{FAE04EC0-301F-11D3-BF4B-00C04F79EFBC}") = "Bootstrap.Mvc", "Bootstrap.Mvc\Bootstrap.Mvc.csproj", "{0C14CCD9-9C47-40A2-8A46-5CFFDD7FF0B9}"
EndProject
Project("{FAE04EC0-301F-11D3-BF4B-00C04F79EFBC}") = "Bundler.ServiceStack", "Bundler.ServiceStack\Bundler.ServiceStack.csproj", "{F6AD2248-5F8B-4D70-9F59-133903322C99}"
EndProject
Project("{FAE04EC0-301F-11D3-BF4B-00C04F79EFBC}") = "Bundler.Mvc", "Bundler.Mvc\Bundler.Mvc.csproj", "{D3BB3C3F-D7BE-40B4-98FD-A720F8BD1E8A}"
EndProject
Global
	GlobalSection(SolutionConfigurationPlatforms) = preSolution
		Debug|Any CPU = Debug|Any CPU
		Release|Any CPU = Release|Any CPU
	EndGlobalSection
	GlobalSection(ProjectConfigurationPlatforms) = postSolution
		{0C14CCD9-9C47-40A2-8A46-5CFFDD7FF0B9}.Debug|Any CPU.ActiveCfg = Debug|Any CPU
		{0C14CCD9-9C47-40A2-8A46-5CFFDD7FF0B9}.Debug|Any CPU.Build.0 = Debug|Any CPU
		{0C14CCD9-9C47-40A2-8A46-5CFFDD7FF0B9}.Release|Any CPU.ActiveCfg = Release|Any CPU
		{0C14CCD9-9C47-40A2-8A46-5CFFDD7FF0B9}.Release|Any CPU.Build.0 = Release|Any CPU
		{F6AD2248-5F8B-4D70-9F59-133903322C99}.Debug|Any CPU.ActiveCfg = Debug|Any CPU
		{F6AD2248-5F8B-4D70-9F59-133903322C99}.Debug|Any CPU.Build.0 = Debug|Any CPU
		{F6AD2248-5F8B-4D70-9F59-133903322C99}.Release|Any CPU.ActiveCfg = Release|Any CPU
		{F6AD2248-5F8B-4D70-9F59-133903322C99}.Release|Any CPU.Build.0 = Release|Any CPU
		{D3BB3C3F-D7BE-40B4-98FD-A720F8BD1E8A}.Debug|Any CPU.ActiveCfg = Debug|Any CPU
		{D3BB3C3F-D7BE-40B4-98FD-A720F8BD1E8A}.Debug|Any CPU.Build.0 = Debug|Any CPU
		{D3BB3C3F-D7BE-40B4-98FD-A720F8BD1E8A}.Release|Any CPU.ActiveCfg = Release|Any CPU
		{D3BB3C3F-D7BE-40B4-98FD-A720F8BD1E8A}.Release|Any CPU.Build.0 = Release|Any CPU
	EndGlobalSection
	GlobalSection(SolutionProperties) = preSolution
		HideSolutionNode = FALSE
	EndGlobalSection
EndGlobal
