
Microsoft Visual Studio Solution File, Format Version 11.00
# Visual Studio 2010
Project("{FAE04EC0-301F-11D3-BF4B-00C04F79EFBC}") = "BundlerRunOnSave", "BundlerRunOnSave\BundlerRunOnSave.csproj", "{44219B59-12A6-42F2-967A-9D816A0312AD}"
EndProject
Global
	GlobalSection(SolutionConfigurationPlatforms) = preSolution
		Debug|Any CPU = Debug|Any CPU
		Release|Any CPU = Release|Any CPU
	EndGlobalSection
	GlobalSection(ProjectConfigurationPlatforms) = postSolution
		{44219B59-12A6-42F2-967A-9D816A0312AD}.Debug|Any CPU.ActiveCfg = Debug|Any CPU
		{44219B59-12A6-42F2-967A-9D816A0312AD}.Debug|Any CPU.Build.0 = Debug|Any CPU
		{44219B59-12A6-42F2-967A-9D816A0312AD}.Release|Any CPU.ActiveCfg = Release|Any CPU
		{44219B59-12A6-42F2-967A-9D816A0312AD}.Release|Any CPU.Build.0 = Release|Any CPU
	EndGlobalSection
	GlobalSection(SolutionProperties) = preSolution
		HideSolutionNode = FALSE
	EndGlobalSection
EndGlobal
